
Microsoft Visual Studio Solution File, Format Version 12.00
# Visual Studio 15
VisualStudioVersion = 15.0.27703.2026
MinimumVisualStudioVersion = 10.0.40219.1
Project("{FAE04EC0-301F-11D3-BF4B-00C04F79EFBC}") = "CodeExport", "CodeExport\CodeExport.csproj", "{F8AD0D98-2D44-47CD-BB8C-573BF5B4516D}"
EndProject
Global
	GlobalSection(SolutionConfigurationPlatforms) = preSolution
		Debug|Any CPU = Debug|Any CPU
		Release|Any CPU = Release|Any CPU
	EndGlobalSection
	GlobalSection(ProjectConfigurationPlatforms) = postSolution
		{F8AD0D98-2D44-47CD-BB8C-573BF5B4516D}.Debug|Any CPU.ActiveCfg = Debug|Any CPU
		{F8AD0D98-2D44-47CD-BB8C-573BF5B4516D}.Debug|Any CPU.Build.0 = Debug|Any CPU
		{F8AD0D98-2D44-47CD-BB8C-573BF5B4516D}.Release|Any CPU.ActiveCfg = Release|Any CPU
		{F8AD0D98-2D44-47CD-BB8C-573BF5B4516D}.Release|Any CPU.Build.0 = Release|Any CPU
	EndGlobalSection
	GlobalSection(SolutionProperties) = preSolution
		HideSolutionNode = FALSE
	EndGlobalSection
	GlobalSection(ExtensibilityGlobals) = postSolution
		SolutionGuid = {DBFD6904-3275-4A62-B5E8-A0CAB6E489AC}
	EndGlobalSection
EndGlobal
